
Microsoft Visual Studio Solution File, Format Version 12.00
# Visual Studio Version 17
VisualStudioVersion = 17.11.35208.52
MinimumVisualStudioVersion = 10.0.40219.1
Project("{FAE04EC0-301F-11D3-BF4B-00C04F79EFBC}") = "WinFormsMusic2", "WinFormsMusic2\WinFormsMusic2.csproj", "{13FBFD77-81D9-498B-83B5-BE950AE747E5}"
EndProject
Global
	GlobalSection(SolutionConfigurationPlatforms) = preSolution
		Debug|Any CPU = Debug|Any CPU
		Release|Any CPU = Release|Any CPU
	EndGlobalSection
	GlobalSection(ProjectConfigurationPlatforms) = postSolution
		{13FBFD77-81D9-498B-83B5-BE950AE747E5}.Debug|Any CPU.ActiveCfg = Debug|Any CPU
		{13FBFD77-81D9-498B-83B5-BE950AE747E5}.Debug|Any CPU.Build.0 = Debug|Any CPU
		{13FBFD77-81D9-498B-83B5-BE950AE747E5}.Release|Any CPU.ActiveCfg = Release|Any CPU
		{13FBFD77-81D9-498B-83B5-BE950AE747E5}.Release|Any CPU.Build.0 = Release|Any CPU
	EndGlobalSection
	GlobalSection(SolutionProperties) = preSolution
		HideSolutionNode = FALSE
	EndGlobalSection
	GlobalSection(ExtensibilityGlobals) = postSolution
		SolutionGuid = {E9F5B69D-9F72-4762-835B-EAF11BBB2EDE}
	EndGlobalSection
EndGlobal
